
Microsoft Visual Studio Solution File, Format Version 12.00
# Visual Studio Version 17
VisualStudioVersion = 17.10.35013.160
MinimumVisualStudioVersion = 10.0.40219.1
Project("{FAE04EC0-301F-11D3-BF4B-00C04F79EFBC}") = "Task6", "Task6\Task6.csproj", "{09B50FE6-5ADE-4BD9-872F-7D7EB598437B}"
EndProject
Global
	GlobalSection(SolutionConfigurationPlatforms) = preSolution
		Debug|Any CPU = Debug|Any CPU
		Release|Any CPU = Release|Any CPU
	EndGlobalSection
	GlobalSection(ProjectConfigurationPlatforms) = postSolution
		{09B50FE6-5ADE-4BD9-872F-7D7EB598437B}.Debug|Any CPU.ActiveCfg = Debug|Any CPU
		{09B50FE6-5ADE-4BD9-872F-7D7EB598437B}.Debug|Any CPU.Build.0 = Debug|Any CPU
		{09B50FE6-5ADE-4BD9-872F-7D7EB598437B}.Release|Any CPU.ActiveCfg = Release|Any CPU
		{09B50FE6-5ADE-4BD9-872F-7D7EB598437B}.Release|Any CPU.Build.0 = Release|Any CPU
	EndGlobalSection
	GlobalSection(SolutionProperties) = preSolution
		HideSolutionNode = FALSE
	EndGlobalSection
	GlobalSection(ExtensibilityGlobals) = postSolution
		SolutionGuid = {1CE323CE-0266-495F-A4A8-B9C2E7A97BD0}
	EndGlobalSection
EndGlobal
